schema: '2.0'
stages:
  make_dataset:
    cmd: python -m src.data.make_dataset
    deps:
    - path: src/config/definitions.py
      md5: 827d65bf50548dea33609e8d39b60e43
      size: 90
    - path: src/data/make_dataset.py
      md5: 5323ac008f4353caafacadfbe07b8687
      size: 174
    outs:
    - path: data/external/corpora/stopwords.zip
      md5: 18a27eb100bbd7f5116d66110d303f29
      size: 26220
    - path: data/external/corpora/stopwords/
      md5: 50a4e3275c7076efb104756d77c8d1dd.dir
      size: 64277
      nfiles: 25
  build_features:
    cmd: python -m src.features.build_features
    deps:
    - path: data/external/corpora/stopwords/
      md5: 50a4e3275c7076efb104756d77c8d1dd.dir
      size: 64277
      nfiles: 25
    - path: data/raw/test.tsv
      md5: f06925444bd9e4b12b382e0e267345a7
      size: 1041379
    - path: data/raw/train.tsv
      md5: 2502592a16c44c1e33cb827b2a647406
      size: 7196138
    - path: data/raw/validation.tsv
      md5: 508e1de849c33ba2f38f0b118590a4cd
      size: 2166270
    - path: src/common/data.py
      md5: 7fcd0f05b24ca31c5db492d9eb53179c
      size: 187
    - path: src/config/definitions.py
      md5: 827d65bf50548dea33609e8d39b60e43
      size: 90
    - path: src/features/build_features.py
      md5: f89de210795a941458edad7749c35777
      size: 3448
    outs:
    - path: data/derivates/cleaned_train_dataset_properties.pkl
      md5: 29c600e89cf8129ebc8b7a75dbad48f4
      size: 114384
    - path: data/derivates/tfidf_vocab.pkl
      md5: 4539842f91487ff205c66a58442b5913
      size: 304689
    - path: data/processed/test.pkl
      md5: b0a79cca2675fe19fec0a1764102c1d9
      size: 1652795
    - path: data/processed/train.pkl
      md5: 12637bc042c74154cc176d3d859478e7
      size: 10530934
    - path: data/processed/validation.pkl
      md5: 1734eac77597b34ad2568063b62174bd
      size: 3103689
  train_model:
    cmd: python -m src.models.train_model
    deps:
    - path: data/processed/train.pkl
      md5: 12637bc042c74154cc176d3d859478e7
      size: 10530934
    - path: src/config/definitions.py
      md5: 827d65bf50548dea33609e8d39b60e43
      size: 90
    - path: src/models/train_model.py
      md5: 46497e2ed8a2055c45f710426f4e539d
      size: 1397
    outs:
    - path: models/mlb.pkl
      md5: 5d180c30fd6da3e373bfa5ccb4fe0c2c
      size: 1880
    - path: models/tfidf.pkl
      md5: 25d2929220075bb217079cdecf12d045
      size: 14666657
